
Microsoft Visual Studio Solution File, Format Version 12.00
# Visual Studio 15
VisualStudioVersion = 15.0.27130.2010
MinimumVisualStudioVersion = 10.0.40219.1
Project("{FAE04EC0-301F-11D3-BF4B-00C04F79EFBC}") = "MD5shellext", "MD5shellext\MD5shellext.csproj", "{21E235C0-033F-422C-BDD4-2E804B2AF0E7}"
EndProject
Global
	GlobalSection(SolutionConfigurationPlatforms) = preSolution
		Debug|Any CPU = Debug|Any CPU
		Release|Any CPU = Release|Any CPU
	EndGlobalSection
	GlobalSection(ProjectConfigurationPlatforms) = postSolution
		{21E235C0-033F-422C-BDD4-2E804B2AF0E7}.Debug|Any CPU.ActiveCfg = Debug|Any CPU
		{21E235C0-033F-422C-BDD4-2E804B2AF0E7}.Debug|Any CPU.Build.0 = Debug|Any CPU
		{21E235C0-033F-422C-BDD4-2E804B2AF0E7}.Release|Any CPU.ActiveCfg = Release|Any CPU
		{21E235C0-033F-422C-BDD4-2E804B2AF0E7}.Release|Any CPU.Build.0 = Release|Any CPU
	EndGlobalSection
	GlobalSection(SolutionProperties) = preSolution
		HideSolutionNode = FALSE
	EndGlobalSection
	GlobalSection(ExtensibilityGlobals) = postSolution
		SolutionGuid = {BD72EBD4-C3B3-46A5-8A47-7DD4CB18D6C4}
	EndGlobalSection
EndGlobal
